
Microsoft Visual Studio Solution File, Format Version 12.00
# Visual Studio Version 16
VisualStudioVersion = 16.0.29215.179
MinimumVisualStudioVersion = 10.0.40219.1
Project("{FAE04EC0-301F-11D3-BF4B-00C04F79EFBC}") = "TimesheetApp", "TimesheetApp\TimesheetApp.csproj", "{66A12F87-381E-45C2-B9CF-3DD6EDD01DF8}"
EndProject
Global
	GlobalSection(SolutionConfigurationPlatforms) = preSolution
		Debug|Any CPU = Debug|Any CPU
		Release|Any CPU = Release|Any CPU
	EndGlobalSection
	GlobalSection(ProjectConfigurationPlatforms) = postSolution
		{66A12F87-381E-45C2-B9CF-3DD6EDD01DF8}.Debug|Any CPU.ActiveCfg = Debug|Any CPU
		{66A12F87-381E-45C2-B9CF-3DD6EDD01DF8}.Debug|Any CPU.Build.0 = Debug|Any CPU
		{66A12F87-381E-45C2-B9CF-3DD6EDD01DF8}.Release|Any CPU.ActiveCfg = Release|Any CPU
		{66A12F87-381E-45C2-B9CF-3DD6EDD01DF8}.Release|Any CPU.Build.0 = Release|Any CPU
	EndGlobalSection
	GlobalSection(SolutionProperties) = preSolution
		HideSolutionNode = FALSE
	EndGlobalSection
	GlobalSection(ExtensibilityGlobals) = postSolution
		SolutionGuid = {7E4C6F7E-882C-49BC-9096-211119DDF212}
	EndGlobalSection
EndGlobal
